
Microsoft Visual Studio Solution File, Format Version 12.00
# Visual Studio Version 16
VisualStudioVersion = 16.0.30503.244
MinimumVisualStudioVersion = 10.0.40219.1
Project("{FAE04EC0-301F-11D3-BF4B-00C04F79EFBC}") = "WpfAppGarage", "WpfAppGarage\WpfAppGarage.csproj", "{C3FB7E41-8FA1-407B-8853-5F9447BE0428}"
EndProject
Global
	GlobalSection(SolutionConfigurationPlatforms) = preSolution
		Debug|Any CPU = Debug|Any CPU
		Release|Any CPU = Release|Any CPU
	EndGlobalSection
	GlobalSection(ProjectConfigurationPlatforms) = postSolution
		{C3FB7E41-8FA1-407B-8853-5F9447BE0428}.Debug|Any CPU.ActiveCfg = Debug|Any CPU
		{C3FB7E41-8FA1-407B-8853-5F9447BE0428}.Debug|Any CPU.Build.0 = Debug|Any CPU
		{C3FB7E41-8FA1-407B-8853-5F9447BE0428}.Release|Any CPU.ActiveCfg = Release|Any CPU
		{C3FB7E41-8FA1-407B-8853-5F9447BE0428}.Release|Any CPU.Build.0 = Release|Any CPU
	EndGlobalSection
	GlobalSection(SolutionProperties) = preSolution
		HideSolutionNode = FALSE
	EndGlobalSection
	GlobalSection(ExtensibilityGlobals) = postSolution
		SolutionGuid = {8F569ED2-F0A5-40DD-A3D4-38DB5E9E3637}
	EndGlobalSection
EndGlobal
